
Microsoft Visual Studio Solution File, Format Version 12.00
# Visual Studio Version 17
VisualStudioVersion = 17.0.31903.59
MinimumVisualStudioVersion = 10.0.40219.1
Project("{FAE04EC0-301F-11D3-BF4B-00C04F79EFBC}") = "Uqs.Weather", "Uqs.Weather\Uqs.Weather.csproj", "{E33E3623-CCA4-4CB2-B4E4-8902C5962D5F}"
EndProject
Project("{FAE04EC0-301F-11D3-BF4B-00C04F79EFBC}") = "Uqs.Weather.Tests.Unit", "Uqs.Weather.Tests.Unit\Uqs.Weather.Tests.Unit.csproj", "{25884846-FCE0-4620-9BAC-4EA7335F6EFC}"
EndProject
Project("{FAE04EC0-301F-11D3-BF4B-00C04F79EFBC}") = "Uqs.Weather.Tests.Integration", "Uqs.Weather.Tests.Integration\Uqs.Weather.Tests.Integration.csproj", "{7FECD033-F01E-4A0D-B292-E2D100F5CC9A}"
EndProject
Global
	GlobalSection(SolutionConfigurationPlatforms) = preSolution
		Debug|Any CPU = Debug|Any CPU
		Release|Any CPU = Release|Any CPU
	EndGlobalSection
	GlobalSection(SolutionProperties) = preSolution
		HideSolutionNode = FALSE
	EndGlobalSection
	GlobalSection(ProjectConfigurationPlatforms) = postSolution
		{E33E3623-CCA4-4CB2-B4E4-8902C5962D5F}.Debug|Any CPU.ActiveCfg = Debug|Any CPU
		{E33E3623-CCA4-4CB2-B4E4-8902C5962D5F}.Debug|Any CPU.Build.0 = Debug|Any CPU
		{E33E3623-CCA4-4CB2-B4E4-8902C5962D5F}.Release|Any CPU.ActiveCfg = Release|Any CPU
		{E33E3623-CCA4-4CB2-B4E4-8902C5962D5F}.Release|Any CPU.Build.0 = Release|Any CPU
		{25884846-FCE0-4620-9BAC-4EA7335F6EFC}.Debug|Any CPU.ActiveCfg = Debug|Any CPU
		{25884846-FCE0-4620-9BAC-4EA7335F6EFC}.Debug|Any CPU.Build.0 = Debug|Any CPU
		{25884846-FCE0-4620-9BAC-4EA7335F6EFC}.Release|Any CPU.ActiveCfg = Release|Any CPU
		{25884846-FCE0-4620-9BAC-4EA7335F6EFC}.Release|Any CPU.Build.0 = Release|Any CPU
		{7FECD033-F01E-4A0D-B292-E2D100F5CC9A}.Debug|Any CPU.ActiveCfg = Debug|Any CPU
		{7FECD033-F01E-4A0D-B292-E2D100F5CC9A}.Debug|Any CPU.Build.0 = Debug|Any CPU
		{7FECD033-F01E-4A0D-B292-E2D100F5CC9A}.Release|Any CPU.ActiveCfg = Release|Any CPU
		{7FECD033-F01E-4A0D-B292-E2D100F5CC9A}.Release|Any CPU.Build.0 = Release|Any CPU
	EndGlobalSection
EndGlobal
