
Microsoft Visual Studio Solution File, Format Version 12.00
# Visual Studio Version 17
VisualStudioVersion = 17.0.31903.59
MinimumVisualStudioVersion = 10.0.40219.1
Project("{FAE04EC0-301F-11D3-BF4B-00C04F79EFBC}") = "Uqs.Arithmetic", "Uqs.Arithmetic\Uqs.Arithmetic.csproj", "{1A452340-2B62-469E-A519-FF20B10BE925}"
EndProject
Project("{FAE04EC0-301F-11D3-BF4B-00C04F79EFBC}") = "Uqs.Arithmetic.Tests.Unit", "Uqs.Arithmetic.Tests.Unit\Uqs.Arithmetic.Tests.Unit.csproj", "{FC5790D6-1132-4914-8E07-9837F081FCDB}"
EndProject
Global
	GlobalSection(SolutionConfigurationPlatforms) = preSolution
		Debug|Any CPU = Debug|Any CPU
		Release|Any CPU = Release|Any CPU
	EndGlobalSection
	GlobalSection(SolutionProperties) = preSolution
		HideSolutionNode = FALSE
	EndGlobalSection
	GlobalSection(ProjectConfigurationPlatforms) = postSolution
		{1A452340-2B62-469E-A519-FF20B10BE925}.Debug|Any CPU.ActiveCfg = Debug|Any CPU
		{1A452340-2B62-469E-A519-FF20B10BE925}.Debug|Any CPU.Build.0 = Debug|Any CPU
		{1A452340-2B62-469E-A519-FF20B10BE925}.Release|Any CPU.ActiveCfg = Release|Any CPU
		{1A452340-2B62-469E-A519-FF20B10BE925}.Release|Any CPU.Build.0 = Release|Any CPU
		{FC5790D6-1132-4914-8E07-9837F081FCDB}.Debug|Any CPU.ActiveCfg = Debug|Any CPU
		{FC5790D6-1132-4914-8E07-9837F081FCDB}.Debug|Any CPU.Build.0 = Debug|Any CPU
		{FC5790D6-1132-4914-8E07-9837F081FCDB}.Release|Any CPU.ActiveCfg = Release|Any CPU
		{FC5790D6-1132-4914-8E07-9837F081FCDB}.Release|Any CPU.Build.0 = Release|Any CPU
	EndGlobalSection
EndGlobal
